
Microsoft Visual Studio Solution File, Format Version 12.00
# Visual Studio Version 16
VisualStudioVersion = 16.0.30907.101
MinimumVisualStudioVersion = 10.0.40219.1
Project("{9A19103F-16F7-4668-BE54-9A1E7A4F7556}") = "WebEnterprise", "WebEnterprise\WebEnterprise.csproj", "{89781CF2-5502-4104-B3DB-3FCD5BCCBDB5}"
EndProject
Project("{9A19103F-16F7-4668-BE54-9A1E7A4F7556}") = "WebEnterprise.Data", "WebEnterprise.Data\WebEnterprise.Data.csproj", "{C74830F8-AE14-452C-8282-2DEF3FAF3E28}"
EndProject
Project("{9A19103F-16F7-4668-BE54-9A1E7A4F7556}") = "WebEnterprise.Application", "WebEnterprise.Application\WebEnterprise.Application.csproj", "{55C789F3-C53A-4BAD-BC2D-603AF3CBFFC4}"
EndProject
Project("{9A19103F-16F7-4668-BE54-9A1E7A4F7556}") = "WebEnterprise.Untilities", "WebEnterprise.Untilities\WebEnterprise.Untilities.csproj", "{BC885BEC-2A78-4129-8E88-D76D2A85B792}"
EndProject
Project("{9A19103F-16F7-4668-BE54-9A1E7A4F7556}") = "WebEnterprise.ViewModels", "WebEnterprise.Models\WebEnterprise.ViewModels.csproj", "{0E18EC37-BE05-45F9-8D60-773964557E14}"
EndProject
Project("{9A19103F-16F7-4668-BE54-9A1E7A4F7556}") = "WebEnterprise.BackendApi", "WebEnterprise.BackendApi\WebEnterprise.BackendApi.csproj", "{4F4BDF56-24B0-4C63-AF06-B0315C2570D8}"
EndProject
Project("{2150E333-8FDC-42A3-9474-1A3956D46DE8}") = "1.Infrastructure", "1.Infrastructure", "{2D5354BF-CB2F-480C-B5C5-8D95199AA166}"
EndProject
Project("{2150E333-8FDC-42A3-9474-1A3956D46DE8}") = "2.Domain", "2.Domain", "{FDD3AC9D-37A3-4B27-AE99-AC84AFD7405E}"
EndProject
Project("{2150E333-8FDC-42A3-9474-1A3956D46DE8}") = "3.Host", "3.Host", "{D76C5778-DA79-4297-A642-B07B22CCC679}"
EndProject
Project("{9A19103F-16F7-4668-BE54-9A1E7A4F7556}") = "WebEnterprise.Admin", "WebEnterprise.Admin\WebEnterprise.Admin.csproj", "{DB759DD1-A78F-4201-86EE-D42025279DBC}"
EndProject
Project("{FAE04EC0-301F-11D3-BF4B-00C04F79EFBC}") = "WebEnterprise.ApiIntegration", "WebEnterprise.ApiIntegration\WebEnterprise.ApiIntegration.csproj", "{71E7B922-75D3-48D4-B80A-9F5D2B0AE3F5}"
EndProject
Global
	GlobalSection(SolutionConfigurationPlatforms) = preSolution
		Debug|Any CPU = Debug|Any CPU
		Release|Any CPU = Release|Any CPU
	EndGlobalSection
	GlobalSection(ProjectConfigurationPlatforms) = postSolution
		{89781CF2-5502-4104-B3DB-3FCD5BCCBDB5}.Debug|Any CPU.ActiveCfg = Debug|Any CPU
		{89781CF2-5502-4104-B3DB-3FCD5BCCBDB5}.Debug|Any CPU.Build.0 = Debug|Any CPU
		{89781CF2-5502-4104-B3DB-3FCD5BCCBDB5}.Release|Any CPU.ActiveCfg = Release|Any CPU
		{89781CF2-5502-4104-B3DB-3FCD5BCCBDB5}.Release|Any CPU.Build.0 = Release|Any CPU
		{C74830F8-AE14-452C-8282-2DEF3FAF3E28}.Debug|Any CPU.ActiveCfg = Debug|Any CPU
		{C74830F8-AE14-452C-8282-2DEF3FAF3E28}.Debug|Any CPU.Build.0 = Debug|Any CPU
		{C74830F8-AE14-452C-8282-2DEF3FAF3E28}.Release|Any CPU.ActiveCfg = Release|Any CPU
		{C74830F8-AE14-452C-8282-2DEF3FAF3E28}.Release|Any CPU.Build.0 = Release|Any CPU
		{55C789F3-C53A-4BAD-BC2D-603AF3CBFFC4}.Debug|Any CPU.ActiveCfg = Debug|Any CPU
		{55C789F3-C53A-4BAD-BC2D-603AF3CBFFC4}.Debug|Any CPU.Build.0 = Debug|Any CPU
		{55C789F3-C53A-4BAD-BC2D-603AF3CBFFC4}.Release|Any CPU.ActiveCfg = Release|Any CPU
		{55C789F3-C53A-4BAD-BC2D-603AF3CBFFC4}.Release|Any CPU.Build.0 = Release|Any CPU
		{BC885BEC-2A78-4129-8E88-D76D2A85B792}.Debug|Any CPU.ActiveCfg = Debug|Any CPU
		{BC885BEC-2A78-4129-8E88-D76D2A85B792}.Debug|Any CPU.Build.0 = Debug|Any CPU
		{BC885BEC-2A78-4129-8E88-D76D2A85B792}.Release|Any CPU.ActiveCfg = Release|Any CPU
		{BC885BEC-2A78-4129-8E88-D76D2A85B792}.Release|Any CPU.Build.0 = Release|Any CPU
		{0E18EC37-BE05-45F9-8D60-773964557E14}.Debug|Any CPU.ActiveCfg = Debug|Any CPU
		{0E18EC37-BE05-45F9-8D60-773964557E14}.Debug|Any CPU.Build.0 = Debug|Any CPU
		{0E18EC37-BE05-45F9-8D60-773964557E14}.Release|Any CPU.ActiveCfg = Release|Any CPU
		{0E18EC37-BE05-45F9-8D60-773964557E14}.Release|Any CPU.Build.0 = Release|Any CPU
		{4F4BDF56-24B0-4C63-AF06-B0315C2570D8}.Debug|Any CPU.ActiveCfg = Debug|Any CPU
		{4F4BDF56-24B0-4C63-AF06-B0315C2570D8}.Debug|Any CPU.Build.0 = Debug|Any CPU
		{4F4BDF56-24B0-4C63-AF06-B0315C2570D8}.Release|Any CPU.ActiveCfg = Release|Any CPU
		{4F4BDF56-24B0-4C63-AF06-B0315C2570D8}.Release|Any CPU.Build.0 = Release|Any CPU
		{DB759DD1-A78F-4201-86EE-D42025279DBC}.Debug|Any CPU.ActiveCfg = Debug|Any CPU
		{DB759DD1-A78F-4201-86EE-D42025279DBC}.Debug|Any CPU.Build.0 = Debug|Any CPU
		{DB759DD1-A78F-4201-86EE-D42025279DBC}.Release|Any CPU.ActiveCfg = Release|Any CPU
		{DB759DD1-A78F-4201-86EE-D42025279DBC}.Release|Any CPU.Build.0 = Release|Any CPU
		{71E7B922-75D3-48D4-B80A-9F5D2B0AE3F5}.Debug|Any CPU.ActiveCfg = Debug|Any CPU
		{71E7B922-75D3-48D4-B80A-9F5D2B0AE3F5}.Debug|Any CPU.Build.0 = Debug|Any CPU
		{71E7B922-75D3-48D4-B80A-9F5D2B0AE3F5}.Release|Any CPU.ActiveCfg = Release|Any CPU
		{71E7B922-75D3-48D4-B80A-9F5D2B0AE3F5}.Release|Any CPU.Build.0 = Release|Any CPU
	EndGlobalSection
	GlobalSection(SolutionProperties) = preSolution
		HideSolutionNode = FALSE
	EndGlobalSection
	GlobalSection(NestedProjects) = preSolution
		{89781CF2-5502-4104-B3DB-3FCD5BCCBDB5} = {D76C5778-DA79-4297-A642-B07B22CCC679}
		{C74830F8-AE14-452C-8282-2DEF3FAF3E28} = {FDD3AC9D-37A3-4B27-AE99-AC84AFD7405E}
		{55C789F3-C53A-4BAD-BC2D-603AF3CBFFC4} = {FDD3AC9D-37A3-4B27-AE99-AC84AFD7405E}
		{BC885BEC-2A78-4129-8E88-D76D2A85B792} = {2D5354BF-CB2F-480C-B5C5-8D95199AA166}
		{0E18EC37-BE05-45F9-8D60-773964557E14} = {2D5354BF-CB2F-480C-B5C5-8D95199AA166}
		{4F4BDF56-24B0-4C63-AF06-B0315C2570D8} = {D76C5778-DA79-4297-A642-B07B22CCC679}
		{DB759DD1-A78F-4201-86EE-D42025279DBC} = {D76C5778-DA79-4297-A642-B07B22CCC679}
		{71E7B922-75D3-48D4-B80A-9F5D2B0AE3F5} = {D76C5778-DA79-4297-A642-B07B22CCC679}
	EndGlobalSection
	GlobalSection(ExtensibilityGlobals) = postSolution
		SolutionGuid = {17AABCBF-3E8F-4F4E-AE75-E866211B9FAB}
	EndGlobalSection
EndGlobal
